// !$*UTF8*$!
{
	archiveVersion = 1;
	classes = {
	};
	objectVersion = 52;
	objects = {

/* Begin PBXBuildFile section */
		39114EEE26E2CC55004FC75B /* LNExtensionExecutor in Frameworks */ = {isa = PBXBuildFile; productRef = 39114EED26E2CC55004FC75B /* LNExtensionExecutor */; };
		39114EEF26E2CC55004FC75B /* LNExtensionExecutor in Embed Frameworks */ = {isa = PBXBuildFile; productRef = 39114EED26E2CC55004FC75B /* LNExtensionExecutor */; settings = {ATTRIBUTES = (CodeSignOnCopy, ); }; };
		394BA3E925E93CAA00899EB5 /* AppDelegate.m in Sources */ = {isa = PBXBuildFile; fileRef = 394BA3E825E93CAA00899EB5 /* AppDelegate.m */; };
		394BA3EC25E93CAA00899EB5 /* SceneDelegate.m in Sources */ = {isa = PBXBuildFile; fileRef = 394BA3EB25E93CAA00899EB5 /* SceneDelegate.m */; };
		394BA3F225E93CAA00899EB5 /* Main.storyboard in Resources */ = {isa = PBXBuildFile; fileRef = 394BA3F025E93CAA00899EB5 /* Main.storyboard */; };
		394BA3F425E93CAC00899EB5 /* Assets.xcassets in Resources */ = {isa = PBXBuildFile; fileRef = 394BA3F325E93CAC00899EB5 /* Assets.xcassets */; };
		394BA3F725E93CAC00899EB5 /* LaunchScreen.storyboard in Resources */ = {isa = PBXBuildFile; fileRef = 394BA3F525E93CAC00899EB5 /* LaunchScreen.storyboard */; };
		394BA3FA25E93CAC00899EB5 /* main.m in Sources */ = {isa = PBXBuildFile; fileRef = 394BA3F925E93CAC00899EB5 /* main.m */; };
		394BA40525E980D000899EB5 /* ViewController.swift in Sources */ = {isa = PBXBuildFile; fileRef = 394BA40425E980D000899EB5 /* ViewController.swift */; };
/* End PBXBuildFile section */

/* Begin PBXCopyFilesBuildPhase section */
		39114EF026E2CC55004FC75B /* Embed Frameworks */ = {
			isa = PBXCopyFilesBuildPhase;
			buildActionMask = 2147483647;
			dstPath = "";
			dstSubfolderSpec = 10;
			files = (
				39114EEF26E2CC55004FC75B /* LNExtensionExecutor in Embed Frameworks */,
			);
			name = "Embed Frameworks";
			runOnlyForDeploymentPostprocessing = 0;
		};
/* End PBXCopyFilesBuildPhase section */

/* Begin PBXFileReference section */
		39114EE926E2CC48004FC75B /* LNExtensionExecutor */ = {isa = PBXFileReference; lastKnownFileType = folder; name = LNExtensionExecutor; path = ..; sourceTree = "<group>"; };
		394BA3E425E93CAA00899EB5 /* LNExtensionExecutorExample.app */ = {isa = PBXFileReference; explicitFileType = wrapper.application; includeInIndex = 0; path = LNExtensionExecutorExample.app; sourceTree = BUILT_PRODUCTS_DIR; };
		394BA3E725E93CAA00899EB5 /* AppDelegate.h */ = {isa = PBXFileReference; lastKnownFileType = sourcecode.c.h; path = AppDelegate.h; sourceTree = "<group>"; };
		394BA3E825E93CAA00899EB5 /* AppDelegate.m */ = {isa = PBXFileReference; lastKnownFileType = sourcecode.c.objc; path = AppDelegate.m; sourceTree = "<group>"; };
		394BA3EA25E93CAA00899EB5 /* SceneDelegate.h */ = {isa = PBXFileReference; lastKnownFileType = sourcecode.c.h; path = SceneDelegate.h; sourceTree = "<group>"; };
		394BA3EB25E93CAA00899EB5 /* SceneDelegate.m */ = {isa = PBXFileReference; lastKnownFileType = sourcecode.c.objc; path = SceneDelegate.m; sourceTree = "<group>"; };
		394BA3F125E93CAA00899EB5 /* Base */ = {isa = PBXFileReference; lastKnownFileType = file.storyboard; name = Base; path = Base.lproj/Main.storyboard; sourceTree = "<group>"; };
		394BA3F325E93CAC00899EB5 /* Assets.xcassets */ = {isa = PBXFileReference; lastKnownFileType = folder.assetcatalog; path = Assets.xcassets; sourceTree = "<group>"; };
		394BA3F625E93CAC00899EB5 /* Base */ = {isa = PBXFileReference; lastKnownFileType = file.storyboard; name = Base; path = Base.lproj/LaunchScreen.storyboard; sourceTree = "<group>"; };
		394BA3F825E93CAC00899EB5 /* Info.plist */ = {isa = PBXFileReference; lastKnownFileType = text.plist.xml; path = Info.plist; sourceTree = "<group>"; };
		394BA3F925E93CAC00899EB5 /* main.m */ = {isa = PBXFileReference; lastKnownFileType = sourcecode.c.objc; path = main.m; sourceTree = "<group>"; };
		394BA40425E980D000899EB5 /* ViewController.swift */ = {isa = PBXFileReference; lastKnownFileType = sourcecode.swift; path = ViewController.swift; sourceTree = "<group>"; };
/* End PBXFileReference section */

/* Begin PBXFrameworksBuildPhase section */
		394BA3E125E93CAA00899EB5 /* Frameworks */ = {
			isa = PBXFrameworksBuildPhase;
			buildActionMask = 2147483647;
			files = (
				39114EEE26E2CC55004FC75B /* LNExtensionExecutor in Frameworks */,
			);
			runOnlyForDeploymentPostprocessing = 0;
		};
/* End PBXFrameworksBuildPhase section */

/* Begin PBXGroup section */
		39114EEC26E2CC55004FC75B /* Frameworks */ = {
			isa = PBXGroup;
			children = (
			);
			name = Frameworks;
			sourceTree = "<group>";
		};
		394BA3DB25E93CAA00899EB5 = {
			isa = PBXGroup;
			children = (
				39114EE926E2CC48004FC75B /* LNExtensionExecutor */,
				394BA3E625E93CAA00899EB5 /* LNExtensionExecutorExample */,
				394BA3E525E93CAA00899EB5 /* Products */,
				39114EEC26E2CC55004FC75B /* Frameworks */,
			);
			sourceTree = "<group>";
		};
		394BA3E525E93CAA00899EB5 /* Products */ = {
			isa = PBXGroup;
			children = (
				394BA3E425E93CAA00899EB5 /* LNExtensionExecutorExample.app */,
			);
			name = Products;
			sourceTree = "<group>";
		};
		394BA3E625E93CAA00899EB5 /* LNExtensionExecutorExample */ = {
			isa = PBXGroup;
			children = (
				394BA3E725E93CAA00899EB5 /* AppDelegate.h */,
				394BA3E825E93CAA00899EB5 /* AppDelegate.m */,
				394BA3EA25E93CAA00899EB5 /* SceneDelegate.h */,
				394BA3EB25E93CAA00899EB5 /* SceneDelegate.m */,
				394BA40425E980D000899EB5 /* ViewController.swift */,
				394BA3F025E93CAA00899EB5 /* Main.storyboard */,
				394BA3F325E93CAC00899EB5 /* Assets.xcassets */,
				394BA3F525E93CAC00899EB5 /* LaunchScreen.storyboard */,
				394BA3F825E93CAC00899EB5 /* Info.plist */,
				394BA3F925E93CAC00899EB5 /* main.m */,
			);
			path = LNExtensionExecutorExample;
			sourceTree = "<group>";
		};
/* End PBXGroup section */

/* Begin PBXNativeTarget section */
		394BA3E325E93CAA00899EB5 /* LNExtensionExecutorExample */ = {
			isa = PBXNativeTarget;
			buildConfigurationList = 394BA3FD25E93CAC00899EB5 /* Build configuration list for PBXNativeTarget "LNExtensionExecutorExample" */;
			buildPhases = (
				394BA3E025E93CAA00899EB5 /* Sources */,
				394BA3E125E93CAA00899EB5 /* Frameworks */,
				394BA3E225E93CAA00899EB5 /* Resources */,
				39114EF026E2CC55004FC75B /* Embed Frameworks */,
			);
			buildRules = (
			);
			dependencies = (
				39114EEB26E2CC4E004FC75B /* PBXTargetDependency */,
			);
			name = LNExtensionExecutorExample;
			packageProductDependencies = (
				39114EED26E2CC55004FC75B /* LNExtensionExecutor */,
			);
			productName = LNExtensionExecutorExample;
			productReference = 394BA3E425E93CAA00899EB5 /* LNExtensionExecutorExample.app */;
			productType = "com.apple.product-type.application";
		};
/* End PBXNativeTarget section */

/* Begin PBXProject section */
		394BA3DC25E93CAA00899EB5 /* Project object */ = {
			isa = PBXProject;
			attributes = {
				LastUpgradeCheck = 1300;
				TargetAttributes = {
					394BA3E325E93CAA00899EB5 = {
						CreatedOnToolsVersion = 12.5;
						LastSwiftMigration = 1250;
					};
				};
			};
			buildConfigurationList = 394BA3DF25E93CAA00899EB5 /* Build configuration list for PBXProject "LNExtensionExecutorExample" */;
			compatibilityVersion = "Xcode 9.3";
			developmentRegion = en;
			hasScannedForEncodings = 0;
			knownRegions = (
				en,
				Base,
			);
			mainGroup = 394BA3DB25E93CAA00899EB5;
			productRefGroup = 394BA3E525E93CAA00899EB5 /* Products */;
			projectDirPath = "";
			projectRoot = "";
			targets = (
				394BA3E325E93CAA00899EB5 /* LNExtensionExecutorExample */,
			);
		};
/* End PBXProject section */

/* Begin PBXResourcesBuildPhase section */
		394BA3E225E93CAA00899EB5 /* Resources */ = {
			isa = PBXResourcesBuildPhase;
			buildActionMask = 2147483647;
			files = (
				394BA3F725E93CAC00899EB5 /* LaunchScreen.storyboard in Resources */,
				394BA3F425E93CAC00899EB5 /* Assets.xcassets in Resources */,
				394BA3F225E93CAA00899EB5 /* Main.storyboard in Resources */,
			);
			runOnlyForDeploymentPostprocessing = 0;
		};
/* End PBXResourcesBuildPhase section */

/* Begin PBXSourcesBuildPhase section */
		394BA3E025E93CAA00899EB5 /* Sources */ = {
			isa = PBXSourcesBuildPhase;
			buildActionMask = 2147483647;
			files = (
				394BA40525E980D000899EB5 /* ViewController.swift in Sources */,
				394BA3E925E93CAA00899EB5 /* AppDelegate.m in Sources */,
				394BA3FA25E93CAC00899EB5 /* main.m in Sources */,
				394BA3EC25E93CAA00899EB5 /* SceneDelegate.m in Sources */,
			);
			runOnlyForDeploymentPostprocessing = 0;
		};
/* End PBXSourcesBuildPhase section */

/* Begin PBXTargetDependency section */
		39114EEB26E2CC4E004FC75B /* PBXTargetDependency */ = {
			isa = PBXTargetDependency;
			productRef = 39114EEA26E2CC4E004FC75B /* LNExtensionExecutor */;
		};
/* End PBXTargetDependency section */

/* Begin PBXVariantGroup section */
		394BA3F025E93CAA00899EB5 /* Main.storyboard */ = {
			isa = PBXVariantGroup;
			children = (
				394BA3F125E93CAA00899EB5 /* Base */,
			);
			name = Main.storyboard;
			sourceTree = "<group>";
		};
		394BA3F525E93CAC00899EB5 /* LaunchScreen.storyboard */ = {
			isa = PBXVariantGroup;
			children = (
				394BA3F625E93CAC00899EB5 /* Base */,
			);
			name = LaunchScreen.storyboard;
			sourceTree = "<group>";
		};
/* End PBXVariantGroup section */

/* Begin XCBuildConfiguration section */
		394BA3FB25E93CAC00899EB5 /* Debug */ = {
			isa = XCBuildConfiguration;
			buildSettings = {
				ALWAYS_SEARCH_USER_PATHS = NO;
				CLANG_ANALYZER_NONNULL = YES;
				CLANG_ANALYZER_NUMBER_OBJECT_CONVERSION = YES_AGGRESSIVE;
				CLANG_CXX_LANGUAGE_STANDARD = "gnu++14";
				CLANG_CXX_LIBRARY = "libc++";
				CLANG_ENABLE_MODULES = YES;
				CLANG_ENABLE_OBJC_ARC = YES;
				CLANG_ENABLE_OBJC_WEAK = YES;
				CLANG_WARN_BLOCK_CAPTURE_AUTORELEASING = YES;
				CLANG_WARN_BOOL_CONVERSION = YES;
				CLANG_WARN_COMMA = YES;
				CLANG_WARN_CONSTANT_CONVERSION = YES;
				CLANG_WARN_DEPRECATED_OBJC_IMPLEMENTATIONS = YES;
				CLANG_WARN_DIRECT_OBJC_ISA_USAGE = YES_ERROR;
				CLANG_WARN_DOCUMENTATION_COMMENTS = YES;
				CLANG_WARN_EMPTY_BODY = YES;
				CLANG_WARN_ENUM_CONVERSION = YES;
				CLANG_WARN_INFINITE_RECURSION = YES;
				CLANG_WARN_INT_CONVERSION = YES;
				CLANG_WARN_NON_LITERAL_NULL_CONVERSION = YES;
				CLANG_WARN_OBJC_IMPLICIT_RETAIN_SELF = YES;
				CLANG_WARN_OBJC_LITERAL_CONVERSION = YES;
				CLANG_WARN_OBJC_ROOT_CLASS = YES_ERROR;
				CLANG_WARN_QUOTED_INCLUDE_IN_FRAMEWORK_HEADER = YES;
				CLANG_WARN_RANGE_LOOP_ANALYSIS = YES;
				CLANG_WARN_STRICT_PROTOTYPES = YES;
				CLANG_WARN_SUSPICIOUS_MOVE = YES;
				CLANG_WARN_UNGUARDED_AVAILABILITY = YES_AGGRESSIVE;
				CLANG_WARN_UNREACHABLE_CODE = YES;
				CLANG_WARN__DUPLICATE_METHOD_MATCH = YES;
				COPY_PHASE_STRIP = NO;
				DEBUG_INFORMATION_FORMAT = dwarf;
				ENABLE_STRICT_OBJC_MSGSEND = YES;
				ENABLE_TESTABILITY = YES;
				GCC_C_LANGUAGE_STANDARD = gnu11;
				GCC_DYNAMIC_NO_PIC = NO;
				GCC_NO_COMMON_BLOCKS = YES;
				GCC_OPTIMIZATION_LEVEL = 0;
				GCC_PREPROCESSOR_DEFINITIONS = (
					"DEBUG=1",
					"$(inherited)",
				);
				GCC_WARN_64_TO_32_BIT_CONVERSION = YES;
				GCC_WARN_ABOUT_RETURN_TYPE = YES_ERROR;
				GCC_WARN_UNDECLARED_SELECTOR = YES;
				GCC_WARN_UNINITIALIZED_AUTOS = YES_AGGRESSIVE;
				GCC_WARN_UNUSED_FUNCTION = YES;
				GCC_WARN_UNUSED_VARIABLE = YES;
				IPHONEOS_DEPLOYMENT_TARGET = 14.5;
				MTL_ENABLE_DEBUG_INFO = INCLUDE_SOURCE;
				MTL_FAST_MATH = YES;
				ONLY_ACTIVE_ARCH = YES;
				SDKROOT = iphoneos;
			};
			name = Debug;
		};
		394BA3FC25E93CAC00899EB5 /* Release */ = {
			isa = XCBuildConfiguration;
			buildSettings = {
				ALWAYS_SEARCH_USER_PATHS = NO;
				CLANG_ANALYZER_NONNULL = YES;
				CLANG_ANALYZER_NUMBER_OBJECT_CONVERSION = YES_AGGRESSIVE;
				CLANG_CXX_LANGUAGE_STANDARD = "gnu++14";
				CLANG_CXX_LIBRARY = "libc++";
				CLANG_ENABLE_MODULES = YES;
				CLANG_ENABLE_OBJC_ARC = YES;
				CLANG_ENABLE_OBJC_WEAK = YES;
				CLANG_WARN_BLOCK_CAPTURE_AUTORELEASING = YES;
				CLANG_WARN_BOOL_CONVERSION = YES;
				CLANG_WARN_COMMA = YES;
				CLANG_WARN_CONSTANT_CONVERSION = YES;
				CLANG_WARN_DEPRECATED_OBJC_IMPLEMENTATIONS = YES;
				CLANG_WARN_DIRECT_OBJC_ISA_USAGE = YES_ERROR;
				CLANG_WARN_DOCUMENTATION_COMMENTS = YES;
				CLANG_WARN_EMPTY_BODY = YES;
				CLANG_WARN_ENUM_CONVERSION = YES;
				CLANG_WARN_INFINITE_RECURSION = YES;
				CLANG_WARN_INT_CONVERSION = YES;
				CLANG_WARN_NON_LITERAL_NULL_CONVERSION = YES;
				CLANG_WARN_OBJC_IMPLICIT_RETAIN_SELF = YES;
				CLANG_WARN_OBJC_LITERAL_CONVERSION = YES;
				CLANG_WARN_OBJC_ROOT_CLASS = YES_ERROR;
				CLANG_WARN_QUOTED_INCLUDE_IN_FRAMEWORK_HEADER = YES;
				CLANG_WARN_RANGE_LOOP_ANALYSIS = YES;
				CLANG_WARN_STRICT_PROTOTYPES = YES;
				CLANG_WARN_SUSPICIOUS_MOVE = YES;
				CLANG_WARN_UNGUARDED_AVAILABILITY = YES_AGGRESSIVE;
				CLANG_WARN_UNREACHABLE_CODE = YES;
				CLANG_WARN__DUPLICATE_METHOD_MATCH = YES;
				COPY_PHASE_STRIP = NO;
				DEBUG_INFORMATION_FORMAT = "dwarf-with-dsym";
				ENABLE_NS_ASSERTIONS = NO;
				ENABLE_STRICT_OBJC_MSGSEND = YES;
				GCC_C_LANGUAGE_STANDARD = gnu11;
				GCC_NO_COMMON_BLOCKS = YES;
				GCC_WARN_64_TO_32_BIT_CONVERSION = YES;
				GCC_WARN_ABOUT_RETURN_TYPE = YES_ERROR;
				GCC_WARN_UNDECLARED_SELECTOR = YES;
				GCC_WARN_UNINITIALIZED_AUTOS = YES_AGGRESSIVE;
				GCC_WARN_UNUSED_FUNCTION = YES;
				GCC_WARN_UNUSED_VARIABLE = YES;
				IPHONEOS_DEPLOYMENT_TARGET = 14.5;
				MTL_ENABLE_DEBUG_INFO = NO;
				MTL_FAST_MATH = YES;
				SDKROOT = iphoneos;
				SWIFT_COMPILATION_MODE = wholemodule;
				VALIDATE_PRODUCT = YES;
			};
			name = Release;
		};
		394BA3FE25E93CAC00899EB5 /* Debug */ = {
			isa = XCBuildConfiguration;
			buildSettings = {
				ASSETCATALOG_COMPILER_APPICON_NAME = AppIcon;
				ASSETCATALOG_COMPILER_GLOBAL_ACCENT_COLOR_NAME = AccentColor;
				CLANG_ENABLE_MODULES = YES;
				CODE_SIGN_STYLE = Automatic;
				DEVELOPMENT_TEAM = S9QFG2VH2E;
				INFOPLIST_FILE = LNExtensionExecutorExample/Info.plist;
				IPHONEOS_DEPLOYMENT_TARGET = 15.0;
				LD_RUNPATH_SEARCH_PATHS = (
					"$(inherited)",
					"@executable_path/Frameworks",
				);
				PRODUCT_BUNDLE_IDENTIFIER = com.LeoNatan.LNExtensionExecutorExample;
				PRODUCT_NAME = "$(TARGET_NAME)";
				SWIFT_OPTIMIZATION_LEVEL = "-Onone";
				SWIFT_VERSION = 5.0;
				TARGETED_DEVICE_FAMILY = "1,2";
			};
			name = Debug;
		};
		394BA3FF25E93CAC00899EB5 /* Release */ = {
			isa = XCBuildConfiguration;
			buildSettings = {
				ASSETCATALOG_COMPILER_APPICON_NAME = AppIcon;
				ASSETCATALOG_COMPILER_GLOBAL_ACCENT_COLOR_NAME = AccentColor;
				CLANG_ENABLE_MODULES = YES;
				CODE_SIGN_STYLE = Automatic;
				DEVELOPMENT_TEAM = S9QFG2VH2E;
				INFOPLIST_FILE = LNExtensionExecutorExample/Info.plist;
				IPHONEOS_DEPLOYMENT_TARGET = 15.0;
				LD_RUNPATH_SEARCH_PATHS = (
					"$(inherited)",
					"@executable_path/Frameworks",
				);
				PRODUCT_BUNDLE_IDENTIFIER = com.LeoNatan.LNExtensionExecutorExample;
				PRODUCT_NAME = "$(TARGET_NAME)";
				SWIFT_VERSION = 5.0;
				TARGETED_DEVICE_FAMILY = "1,2";
			};
			name = Release;
		};
/* End XCBuildConfiguration section */

/* Begin XCConfigurationList section */
		394BA3DF25E93CAA00899EB5 /* Build configuration list for PBXProject "LNExtensionExecutorExample" */ = {
			isa = XCConfigurationList;
			buildConfigurations = (
				394BA3FB25E93CAC00899EB5 /* Debug */,
				394BA3FC25E93CAC00899EB5 /* Release */,
			);
			defaultConfigurationIsVisible = 0;
			defaultConfigurationName = Release;
		};
		394BA3FD25E93CAC00899EB5 /* Build configuration list for PBXNativeTarget "LNExtensionExecutorExample" */ = {
			isa = XCConfigurationList;
			buildConfigurations = (
				394BA3FE25E93CAC00899EB5 /* Debug */,
				394BA3FF25E93CAC00899EB5 /* Release */,
			);
			defaultConfigurationIsVisible = 0;
			defaultConfigurationName = Release;
		};
/* End XCConfigurationList section */

/* Begin XCSwiftPackageProductDependency section */
		39114EEA26E2CC4E004FC75B /* LNExtensionExecutor */ = {
			isa = XCSwiftPackageProductDependency;
			productName = LNExtensionExecutor;
		};
		39114EED26E2CC55004FC75B /* LNExtensionExecutor */ = {
			isa = XCSwiftPackageProductDependency;
			productName = LNExtensionExecutor;
		};
/* End XCSwiftPackageProductDependency section */
	};
	rootObject = 394BA3DC25E93CAA00899EB5 /* Project object */;
}
